// !$*UTF8*$!
{
	archiveVersion = 1;
	classes = {
	};
	objectVersion = 77;
	objects = {

/* Begin PBXBuildFile section */
		B85DD3772CF067620005AD71 /* PressStart2P-Regular.ttf in Resources */ = {isa = PBXBuildFile; fileRef = B85DD3762CF067620005AD71 /* PressStart2P-Regular.ttf */; };
		B8CA9D992CF451CE007A89CA /* Lalezar-Regular.ttf in Resources */ = {isa = PBXBuildFile; fileRef = B8CA9D982CF451CE007A89CA /* Lalezar-Regular.ttf */; };
/* End PBXBuildFile section */

/* Begin PBXContainerItemProxy section */
		B85DD35A2CF055800005AD71 /* PBXContainerItemProxy */ = {
			isa = PBXContainerItemProxy;
			containerPortal = B85DD3412CF0557F0005AD71 /* Project object */;
			proxyType = 1;
			remoteGlobalIDString = B85DD3482CF0557F0005AD71;
			remoteInfo = "TranslateIt-iOS";
		};
		B85DD3642CF055800005AD71 /* PBXContainerItemProxy */ = {
			isa = PBXContainerItemProxy;
			containerPortal = B85DD3412CF0557F0005AD71 /* Project object */;
			proxyType = 1;
			remoteGlobalIDString = B85DD3482CF0557F0005AD71;
			remoteInfo = "TranslateIt-iOS";
		};
/* End PBXContainerItemProxy section */

/* Begin PBXFileReference section */
		B85DD3492CF0557F0005AD71 /* TranslateIt-iOS.app */ = {isa = PBXFileReference; explicitFileType = wrapper.application; includeInIndex = 0; path = "TranslateIt-iOS.app"; sourceTree = BUILT_PRODUCTS_DIR; };
		B85DD3592CF055800005AD71 /* TranslateIt-iOSTests.xctest */ = {isa = PBXFileReference; explicitFileType = wrapper.cfbundle; includeInIndex = 0; path = "TranslateIt-iOSTests.xctest"; sourceTree = BUILT_PRODUCTS_DIR; };
		B85DD3632CF055800005AD71 /* TranslateIt-iOSUITests.xctest */ = {isa = PBXFileReference; explicitFileType = wrapper.cfbundle; includeInIndex = 0; path = "TranslateIt-iOSUITests.xctest"; sourceTree = BUILT_PRODUCTS_DIR; };
		B85DD3762CF067620005AD71 /* PressStart2P-Regular.ttf */ = {isa = PBXFileReference; lastKnownFileType = file; path = "PressStart2P-Regular.ttf"; sourceTree = "<group>"; };
		B8CA9D982CF451CE007A89CA /* Lalezar-Regular.ttf */ = {isa = PBXFileReference; lastKnownFileType = file; path = "Lalezar-Regular.ttf"; sourceTree = "<group>"; };
/* End PBXFileReference section */

/* Begin PBXFileSystemSynchronizedBuildFileExceptionSet section */
		B85DD3982CF067800005AD71 /* Exceptions for "TranslateIt-iOS" folder in "TranslateIt-iOS" target */ = {
			isa = PBXFileSystemSynchronizedBuildFileExceptionSet;
			membershipExceptions = (
				Info.plist,
			);
			target = B85DD3482CF0557F0005AD71 /* TranslateIt-iOS */;
		};
/* End PBXFileSystemSynchronizedBuildFileExceptionSet section */

/* Begin PBXFileSystemSynchronizedRootGroup section */
		B85DD34B2CF0557F0005AD71 /* TranslateIt-iOS */ = {
			isa = PBXFileSystemSynchronizedRootGroup;
			exceptions = (
				B85DD3982CF067800005AD71 /* Exceptions for "TranslateIt-iOS" folder in "TranslateIt-iOS" target */,
			);
			path = "TranslateIt-iOS";
			sourceTree = "<group>";
		};
		B85DD35C2CF055800005AD71 /* TranslateIt-iOSTests */ = {
			isa = PBXFileSystemSynchronizedRootGroup;
			path = "TranslateIt-iOSTests";
			sourceTree = "<group>";
		};
		B85DD3662CF055800005AD71 /* TranslateIt-iOSUITests */ = {
			isa = PBXFileSystemSynchronizedRootGroup;
			path = "TranslateIt-iOSUITests";
			sourceTree = "<group>";
		};
/* End PBXFileSystemSynchronizedRootGroup section */

/* Begin PBXFrameworksBuildPhase section */
		B85DD3462CF0557F0005AD71 /* Frameworks */ = {
			isa = PBXFrameworksBuildPhase;
			buildActionMask = 2147483647;
			files = (
			);
			runOnlyForDeploymentPostprocessing = 0;
		};
		B85DD3562CF055800005AD71 /* Frameworks */ = {
			isa = PBXFrameworksBuildPhase;
			buildActionMask = 2147483647;
			files = (
			);
			runOnlyForDeploymentPostprocessing = 0;
		};
		B85DD3602CF055800005AD71 /* Frameworks */ = {
			isa = PBXFrameworksBuildPhase;
			buildActionMask = 2147483647;
			files = (
			);
			runOnlyForDeploymentPostprocessing = 0;
		};
/* End PBXFrameworksBuildPhase section */

/* Begin PBXGroup section */
		B85DD3402CF0557F0005AD71 = {
			isa = PBXGroup;
			children = (
				B85DD34B2CF0557F0005AD71 /* TranslateIt-iOS */,
				B85DD35C2CF055800005AD71 /* TranslateIt-iOSTests */,
				B85DD3662CF055800005AD71 /* TranslateIt-iOSUITests */,
				B85DD34A2CF0557F0005AD71 /* Products */,
				B85DD3762CF067620005AD71 /* PressStart2P-Regular.ttf */,
				B8CA9D982CF451CE007A89CA /* Lalezar-Regular.ttf */,
			);
			sourceTree = "<group>";
		};
		B85DD34A2CF0557F0005AD71 /* Products */ = {
			isa = PBXGroup;
			children = (
				B85DD3492CF0557F0005AD71 /* TranslateIt-iOS.app */,
				B85DD3592CF055800005AD71 /* TranslateIt-iOSTests.xctest */,
				B85DD3632CF055800005AD71 /* TranslateIt-iOSUITests.xctest */,
			);
			name = Products;
			sourceTree = "<group>";
		};
/* End PBXGroup section */

/* Begin PBXNativeTarget section */
		B85DD3482CF0557F0005AD71 /* TranslateIt-iOS */ = {
			isa = PBXNativeTarget;
			buildConfigurationList = B85DD36D2CF055800005AD71 /* Build configuration list for PBXNativeTarget "TranslateIt-iOS" */;
			buildPhases = (
				B85DD3452CF0557F0005AD71 /* Sources */,
				B85DD3462CF0557F0005AD71 /* Frameworks */,
				B85DD3472CF0557F0005AD71 /* Resources */,
			);
			buildRules = (
			);
			dependencies = (
			);
			fileSystemSynchronizedGroups = (
				B85DD34B2CF0557F0005AD71 /* TranslateIt-iOS */,
			);
			name = "TranslateIt-iOS";
			packageProductDependencies = (
			);
			productName = "TranslateIt-iOS";
			productReference = B85DD3492CF0557F0005AD71 /* TranslateIt-iOS.app */;
			productType = "com.apple.product-type.application";
		};
		B85DD3582CF055800005AD71 /* TranslateIt-iOSTests */ = {
			isa = PBXNativeTarget;
			buildConfigurationList = B85DD3702CF055800005AD71 /* Build configuration list for PBXNativeTarget "TranslateIt-iOSTests" */;
			buildPhases = (
				B85DD3552CF055800005AD71 /* Sources */,
				B85DD3562CF055800005AD71 /* Frameworks */,
				B85DD3572CF055800005AD71 /* Resources */,
			);
			buildRules = (
			);
			dependencies = (
				B85DD35B2CF055800005AD71 /* PBXTargetDependency */,
			);
			fileSystemSynchronizedGroups = (
				B85DD35C2CF055800005AD71 /* TranslateIt-iOSTests */,
			);
			name = "TranslateIt-iOSTests";
			packageProductDependencies = (
			);
			productName = "TranslateIt-iOSTests";
			productReference = B85DD3592CF055800005AD71 /* TranslateIt-iOSTests.xctest */;
			productType = "com.apple.product-type.bundle.unit-test";
		};
		B85DD3622CF055800005AD71 /* TranslateIt-iOSUITests */ = {
			isa = PBXNativeTarget;
			buildConfigurationList = B85DD3732CF055800005AD71 /* Build configuration list for PBXNativeTarget "TranslateIt-iOSUITests" */;
			buildPhases = (
				B85DD35F2CF055800005AD71 /* Sources */,
				B85DD3602CF055800005AD71 /* Frameworks */,
				B85DD3612CF055800005AD71 /* Resources */,
			);
			buildRules = (
			);
			dependencies = (
				B85DD3652CF055800005AD71 /* PBXTargetDependency */,
			);
			fileSystemSynchronizedGroups = (
				B85DD3662CF055800005AD71 /* TranslateIt-iOSUITests */,
			);
			name = "TranslateIt-iOSUITests";
			packageProductDependencies = (
			);
			productName = "TranslateIt-iOSUITests";
			productReference = B85DD3632CF055800005AD71 /* TranslateIt-iOSUITests.xctest */;
			productType = "com.apple.product-type.bundle.ui-testing";
		};
/* End PBXNativeTarget section */

/* Begin PBXProject section */
		B85DD3412CF0557F0005AD71 /* Project object */ = {
			isa = PBXProject;
			attributes = {
				BuildIndependentTargetsInParallel = 1;
				LastSwiftUpdateCheck = 1610;
				LastUpgradeCheck = 1610;
				TargetAttributes = {
					B85DD3482CF0557F0005AD71 = {
						CreatedOnToolsVersion = 16.1;
					};
					B85DD3582CF055800005AD71 = {
						CreatedOnToolsVersion = 16.1;
						TestTargetID = B85DD3482CF0557F0005AD71;
					};
					B85DD3622CF055800005AD71 = {
						CreatedOnToolsVersion = 16.1;
						TestTargetID = B85DD3482CF0557F0005AD71;
					};
				};
			};
			buildConfigurationList = B85DD3442CF0557F0005AD71 /* Build configuration list for PBXProject "TranslateIt-iOS" */;
			developmentRegion = en;
			hasScannedForEncodings = 0;
			knownRegions = (
				en,
				Base,
			);
			mainGroup = B85DD3402CF0557F0005AD71;
			minimizedProjectReferenceProxies = 1;
			preferredProjectObjectVersion = 77;
			productRefGroup = B85DD34A2CF0557F0005AD71 /* Products */;
			projectDirPath = "";
			projectRoot = "";
			targets = (
				B85DD3482CF0557F0005AD71 /* TranslateIt-iOS */,
				B85DD3582CF055800005AD71 /* TranslateIt-iOSTests */,
				B85DD3622CF055800005AD71 /* TranslateIt-iOSUITests */,
			);
		};
/* End PBXProject section */

/* Begin PBXResourcesBuildPhase section */
		B85DD3472CF0557F0005AD71 /* Resources */ = {
			isa = PBXResourcesBuildPhase;
			buildActionMask = 2147483647;
			files = (
				B8CA9D992CF451CE007A89CA /* Lalezar-Regular.ttf in Resources */,
				B85DD3772CF067620005AD71 /* PressStart2P-Regular.ttf in Resources */,
			);
			runOnlyForDeploymentPostprocessing = 0;
		};
		B85DD3572CF055800005AD71 /* Resources */ = {
			isa = PBXResourcesBuildPhase;
			buildActionMask = 2147483647;
			files = (
			);
			runOnlyForDeploymentPostprocessing = 0;
		};
		B85DD3612CF055800005AD71 /* Resources */ = {
			isa = PBXResourcesBuildPhase;
			buildActionMask = 2147483647;
			files = (
			);
			runOnlyForDeploymentPostprocessing = 0;
		};
/* End PBXResourcesBuildPhase section */

/* Begin PBXSourcesBuildPhase section */
		B85DD3452CF0557F0005AD71 /* Sources */ = {
			isa = PBXSourcesBuildPhase;
			buildActionMask = 2147483647;
			files = (
			);
			runOnlyForDeploymentPostprocessing = 0;
		};
		B85DD3552CF055800005AD71 /* Sources */ = {
			isa = PBXSourcesBuildPhase;
			buildActionMask = 2147483647;
			files = (
			);
			runOnlyForDeploymentPostprocessing = 0;
		};
		B85DD35F2CF055800005AD71 /* Sources */ = {
			isa = PBXSourcesBuildPhase;
			buildActionMask = 2147483647;
			files = (
			);
			runOnlyForDeploymentPostprocessing = 0;
		};
/* End PBXSourcesBuildPhase section */

/* Begin PBXTargetDependency section */
		B85DD35B2CF055800005AD71 /* PBXTargetDependency */ = {
			isa = PBXTargetDependency;
			target = B85DD3482CF0557F0005AD71 /* TranslateIt-iOS */;
			targetProxy = B85DD35A2CF055800005AD71 /* PBXContainerItemProxy */;
		};
		B85DD3652CF055800005AD71 /* PBXTargetDependency */ = {
			isa = PBXTargetDependency;
			target = B85DD3482CF0557F0005AD71 /* TranslateIt-iOS */;
			targetProxy = B85DD3642CF055800005AD71 /* PBXContainerItemProxy */;
		};
/* End PBXTargetDependency section */

/* Begin XCBuildConfiguration section */
		B85DD36B2CF055800005AD71 /* Debug */ = {
			isa = XCBuildConfiguration;
			buildSettings = {
				ALWAYS_SEARCH_USER_PATHS = NO;
				ASSETCATALOG_COMPILER_GENERATE_SWIFT_ASSET_SYMBOL_EXTENSIONS = YES;
				CLANG_ANALYZER_NONNULL = YES;
				CLANG_ANALYZER_NUMBER_OBJECT_CONVERSION = YES_AGGRESSIVE;
				CLANG_CXX_LANGUAGE_STANDARD = "gnu++20";
				CLANG_ENABLE_MODULES = YES;
				CLANG_ENABLE_OBJC_ARC = YES;
				CLANG_ENABLE_OBJC_WEAK = YES;
				CLANG_WARN_BLOCK_CAPTURE_AUTORELEASING = YES;
				CLANG_WARN_BOOL_CONVERSION = YES;
				CLANG_WARN_COMMA = YES;
				CLANG_WARN_CONSTANT_CONVERSION = YES;
				CLANG_WARN_DEPRECATED_OBJC_IMPLEMENTATIONS = YES;
				CLANG_WARN_DIRECT_OBJC_ISA_USAGE = YES_ERROR;
				CLANG_WARN_DOCUMENTATION_COMMENTS = YES;
				CLANG_WARN_EMPTY_BODY = YES;
				CLANG_WARN_ENUM_CONVERSION = YES;
				CLANG_WARN_INFINITE_RECURSION = YES;
				CLANG_WARN_INT_CONVERSION = YES;
				CLANG_WARN_NON_LITERAL_NULL_CONVERSION = YES;
				CLANG_WARN_OBJC_IMPLICIT_RETAIN_SELF = YES;
				CLANG_WARN_OBJC_LITERAL_CONVERSION = YES;
				CLANG_WARN_OBJC_ROOT_CLASS = YES_ERROR;
				CLANG_WARN_QUOTED_INCLUDE_IN_FRAMEWORK_HEADER = YES;
				CLANG_WARN_RANGE_LOOP_ANALYSIS = YES;
				CLANG_WARN_STRICT_PROTOTYPES = YES;
				CLANG_WARN_SUSPICIOUS_MOVE = YES;
				CLANG_WARN_UNGUARDED_AVAILABILITY = YES_AGGRESSIVE;
				CLANG_WARN_UNREACHABLE_CODE = YES;
				CLANG_WARN__DUPLICATE_METHOD_MATCH = YES;
				COPY_PHASE_STRIP = NO;
				DEBUG_INFORMATION_FORMAT = dwarf;
				ENABLE_STRICT_OBJC_MSGSEND = YES;
				ENABLE_TESTABILITY = YES;
				ENABLE_USER_SCRIPT_SANDBOXING = YES;
				GCC_C_LANGUAGE_STANDARD = gnu17;
				GCC_DYNAMIC_NO_PIC = NO;
				GCC_NO_COMMON_BLOCKS = YES;
				GCC_OPTIMIZATION_LEVEL = 0;
				GCC_PREPROCESSOR_DEFINITIONS = (
					"DEBUG=1",
					"$(inherited)",
				);
				GCC_WARN_64_TO_32_BIT_CONVERSION = YES;
				GCC_WARN_ABOUT_RETURN_TYPE = YES_ERROR;
				GCC_WARN_UNDECLARED_SELECTOR = YES;
				GCC_WARN_UNINITIALIZED_AUTOS = YES_AGGRESSIVE;
				GCC_WARN_UNUSED_FUNCTION = YES;
				GCC_WARN_UNUSED_VARIABLE = YES;
				IPHONEOS_DEPLOYMENT_TARGET = 18.1;
				LOCALIZATION_PREFERS_STRING_CATALOGS = YES;
				MTL_ENABLE_DEBUG_INFO = INCLUDE_SOURCE;
				MTL_FAST_MATH = YES;
				ONLY_ACTIVE_ARCH = YES;
				SDKROOT = iphoneos;
				SWIFT_ACTIVE_COMPILATION_CONDITIONS = "DEBUG $(inherited)";
				SWIFT_OPTIMIZATION_LEVEL = "-Onone";
			};
			name = Debug;
		};
		B85DD36C2CF055800005AD71 /* Release */ = {
			isa = XCBuildConfiguration;
			buildSettings = {
				ALWAYS_SEARCH_USER_PATHS = NO;
				ASSETCATALOG_COMPILER_GENERATE_SWIFT_ASSET_SYMBOL_EXTENSIONS = YES;
				CLANG_ANALYZER_NONNULL = YES;
				CLANG_ANALYZER_NUMBER_OBJECT_CONVERSION = YES_AGGRESSIVE;
				CLANG_CXX_LANGUAGE_STANDARD = "gnu++20";
				CLANG_ENABLE_MODULES = YES;
				CLANG_ENABLE_OBJC_ARC = YES;
				CLANG_ENABLE_OBJC_WEAK = YES;
				CLANG_WARN_BLOCK_CAPTURE_AUTORELEASING = YES;
				CLANG_WARN_BOOL_CONVERSION = YES;
				CLANG_WARN_COMMA = YES;
				CLANG_WARN_CONSTANT_CONVERSION = YES;
				CLANG_WARN_DEPRECATED_OBJC_IMPLEMENTATIONS = YES;
				CLANG_WARN_DIRECT_OBJC_ISA_USAGE = YES_ERROR;
				CLANG_WARN_DOCUMENTATION_COMMENTS = YES;
				CLANG_WARN_EMPTY_BODY = YES;
				CLANG_WARN_ENUM_CONVERSION = YES;
				CLANG_WARN_INFINITE_RECURSION = YES;
				CLANG_WARN_INT_CONVERSION = YES;
				CLANG_WARN_NON_LITERAL_NULL_CONVERSION = YES;
				CLANG_WARN_OBJC_IMPLICIT_RETAIN_SELF = YES;
				CLANG_WARN_OBJC_LITERAL_CONVERSION = YES;
				CLANG_WARN_OBJC_ROOT_CLASS = YES_ERROR;
				CLANG_WARN_QUOTED_INCLUDE_IN_FRAMEWORK_HEADER = YES;
				CLANG_WARN_RANGE_LOOP_ANALYSIS = YES;
				CLANG_WARN_STRICT_PROTOTYPES = YES;
				CLANG_WARN_SUSPICIOUS_MOVE = YES;
				CLANG_WARN_UNGUARDED_AVAILABILITY = YES_AGGRESSIVE;
				CLANG_WARN_UNREACHABLE_CODE = YES;
				CLANG_WARN__DUPLICATE_METHOD_MATCH = YES;
				COPY_PHASE_STRIP = NO;
				DEBUG_INFORMATION_FORMAT = "dwarf-with-dsym";
				ENABLE_NS_ASSERTIONS = NO;
				ENABLE_STRICT_OBJC_MSGSEND = YES;
				ENABLE_USER_SCRIPT_SANDBOXING = YES;
				GCC_C_LANGUAGE_STANDARD = gnu17;
				GCC_NO_COMMON_BLOCKS = YES;
				GCC_WARN_64_TO_32_BIT_CONVERSION = YES;
				GCC_WARN_ABOUT_RETURN_TYPE = YES_ERROR;
				GCC_WARN_UNDECLARED_SELECTOR = YES;
				GCC_WARN_UNINITIALIZED_AUTOS = YES_AGGRESSIVE;
				GCC_WARN_UNUSED_FUNCTION = YES;
				GCC_WARN_UNUSED_VARIABLE = YES;
				IPHONEOS_DEPLOYMENT_TARGET = 18.1;
				LOCALIZATION_PREFERS_STRING_CATALOGS = YES;
				MTL_ENABLE_DEBUG_INFO = NO;
				MTL_FAST_MATH = YES;
				SDKROOT = iphoneos;
				SWIFT_COMPILATION_MODE = wholemodule;
				VALIDATE_PRODUCT = YES;
			};
			name = Release;
		};
		B85DD36E2CF055800005AD71 /* Debug */ = {
			isa = XCBuildConfiguration;
			buildSettings = {
				ASSETCATALOG_COMPILER_APPICON_NAME = AppIcon;
				ASSETCATALOG_COMPILER_GLOBAL_ACCENT_COLOR_NAME = AccentColor;
				CODE_SIGN_STYLE = Automatic;
				CURRENT_PROJECT_VERSION = 1;
				DEVELOPMENT_ASSET_PATHS = "\"TranslateIt-iOS/Preview Content\"";
				DEVELOPMENT_TEAM = L3JTK2F3SR;
				ENABLE_PREVIEWS = YES;
				GENERATE_INFOPLIST_FILE = YES;
				INFOPLIST_FILE = "TranslateIt-iOS/Info.plist";
				INFOPLIST_KEY_LSApplicationCategoryType = "";
				INFOPLIST_KEY_UIApplicationSceneManifest_Generation = YES;
				INFOPLIST_KEY_UIApplicationSupportsIndirectInputEvents = YES;
				INFOPLIST_KEY_UILaunchScreen_Generation = YES;
				INFOPLIST_KEY_UISupportedInterfaceOrientations_iPad = "UIInterfaceOrientationPortrait UIInterfaceOrientationPortraitUpsideDown UIInterfaceOrientationLandscapeLeft UIInterfaceOrientationLandscapeRight";
				INFOPLIST_KEY_UISupportedInterfaceOrientations_iPhone = "UIInterfaceOrientationPortrait UIInterfaceOrientationLandscapeLeft UIInterfaceOrientationLandscapeRight";
				LD_RUNPATH_SEARCH_PATHS = (
					"$(inherited)",
					"@executable_path/Frameworks",
				);
				MARKETING_VERSION = 1.0;
				PRODUCT_BUNDLE_IDENTIFIER = "Me.TranslateIt-iOS";
				PRODUCT_NAME = "$(TARGET_NAME)";
				SWIFT_EMIT_LOC_STRINGS = YES;
				SWIFT_VERSION = 5.0;
				TARGETED_DEVICE_FAMILY = "1,2";
			};
			name = Debug;
		};
		B85DD36F2CF055800005AD71 /* Release */ = {
			isa = XCBuildConfiguration;
			buildSettings = {
				ASSETCATALOG_COMPILER_APPICON_NAME = AppIcon;
				ASSETCATALOG_COMPILER_GLOBAL_ACCENT_COLOR_NAME = AccentColor;
				CODE_SIGN_STYLE = Automatic;
				CURRENT_PROJECT_VERSION = 1;
				DEVELOPMENT_ASSET_PATHS = "\"TranslateIt-iOS/Preview Content\"";
				DEVELOPMENT_TEAM = L3JTK2F3SR;
				ENABLE_PREVIEWS = YES;
				GENERATE_INFOPLIST_FILE = YES;
				INFOPLIST_FILE = "TranslateIt-iOS/Info.plist";
				INFOPLIST_KEY_LSApplicationCategoryType = "";
				INFOPLIST_KEY_UIApplicationSceneManifest_Generation = YES;
				INFOPLIST_KEY_UIApplicationSupportsIndirectInputEvents = YES;
				INFOPLIST_KEY_UILaunchScreen_Generation = YES;
				INFOPLIST_KEY_UISupportedInterfaceOrientations_iPad = "UIInterfaceOrientationPortrait UIInterfaceOrientationPortraitUpsideDown UIInterfaceOrientationLandscapeLeft UIInterfaceOrientationLandscapeRight";
				INFOPLIST_KEY_UISupportedInterfaceOrientations_iPhone = "UIInterfaceOrientationPortrait UIInterfaceOrientationLandscapeLeft UIInterfaceOrientationLandscapeRight";
				LD_RUNPATH_SEARCH_PATHS = (
					"$(inherited)",
					"@executable_path/Frameworks",
				);
				MARKETING_VERSION = 1.0;
				PRODUCT_BUNDLE_IDENTIFIER = "Me.TranslateIt-iOS";
				PRODUCT_NAME = "$(TARGET_NAME)";
				SWIFT_EMIT_LOC_STRINGS = YES;
				SWIFT_VERSION = 5.0;
				TARGETED_DEVICE_FAMILY = "1,2";
			};
			name = Release;
		};
		B85DD3712CF055800005AD71 /* Debug */ = {
			isa = XCBuildConfiguration;
			buildSettings = {
				BUNDLE_LOADER = "$(TEST_HOST)";
				CODE_SIGN_STYLE = Automatic;
				CURRENT_PROJECT_VERSION = 1;
				DEVELOPMENT_TEAM = L3JTK2F3SR;
				GENERATE_INFOPLIST_FILE = YES;
				IPHONEOS_DEPLOYMENT_TARGET = 18.1;
				MARKETING_VERSION = 1.0;
				PRODUCT_BUNDLE_IDENTIFIER = "Me.TranslateIt-iOSTests";
				PRODUCT_NAME = "$(TARGET_NAME)";
				SWIFT_EMIT_LOC_STRINGS = NO;
				SWIFT_VERSION = 5.0;
				TARGETED_DEVICE_FAMILY = "1,2";
				TEST_HOST = "$(BUILT_PRODUCTS_DIR)/TranslateIt-iOS.app/$(BUNDLE_EXECUTABLE_FOLDER_PATH)/TranslateIt-iOS";
			};
			name = Debug;
		};
		B85DD3722CF055800005AD71 /* Release */ = {
			isa = XCBuildConfiguration;
			buildSettings = {
				BUNDLE_LOADER = "$(TEST_HOST)";
				CODE_SIGN_STYLE = Automatic;
				CURRENT_PROJECT_VERSION = 1;
				DEVELOPMENT_TEAM = L3JTK2F3SR;
				GENERATE_INFOPLIST_FILE = YES;
				IPHONEOS_DEPLOYMENT_TARGET = 18.1;
				MARKETING_VERSION = 1.0;
				PRODUCT_BUNDLE_IDENTIFIER = "Me.TranslateIt-iOSTests";
				PRODUCT_NAME = "$(TARGET_NAME)";
				SWIFT_EMIT_LOC_STRINGS = NO;
				SWIFT_VERSION = 5.0;
				TARGETED_DEVICE_FAMILY = "1,2";
				TEST_HOST = "$(BUILT_PRODUCTS_DIR)/TranslateIt-iOS.app/$(BUNDLE_EXECUTABLE_FOLDER_PATH)/TranslateIt-iOS";
			};
			name = Release;
		};
		B85DD3742CF055800005AD71 /* Debug */ = {
			isa = XCBuildConfiguration;
			buildSettings = {
				CODE_SIGN_STYLE = Automatic;
				CURRENT_PROJECT_VERSION = 1;
				DEVELOPMENT_TEAM = L3JTK2F3SR;
				GENERATE_INFOPLIST_FILE = YES;
				MARKETING_VERSION = 1.0;
				PRODUCT_BUNDLE_IDENTIFIER = "Me.TranslateIt-iOSUITests";
				PRODUCT_NAME = "$(TARGET_NAME)";
				SWIFT_EMIT_LOC_STRINGS = NO;
				SWIFT_VERSION = 5.0;
				TARGETED_DEVICE_FAMILY = "1,2";
				TEST_TARGET_NAME = "TranslateIt-iOS";
			};
			name = Debug;
		};
		B85DD3752CF055800005AD71 /* Release */ = {
			isa = XCBuildConfiguration;
			buildSettings = {
				CODE_SIGN_STYLE = Automatic;
				CURRENT_PROJECT_VERSION = 1;
				DEVELOPMENT_TEAM = L3JTK2F3SR;
				GENERATE_INFOPLIST_FILE = YES;
				MARKETING_VERSION = 1.0;
				PRODUCT_BUNDLE_IDENTIFIER = "Me.TranslateIt-iOSUITests";
				PRODUCT_NAME = "$(TARGET_NAME)";
				SWIFT_EMIT_LOC_STRINGS = NO;
				SWIFT_VERSION = 5.0;
				TARGETED_DEVICE_FAMILY = "1,2";
				TEST_TARGET_NAME = "TranslateIt-iOS";
			};
			name = Release;
		};
/* End XCBuildConfiguration section */

/* Begin XCConfigurationList section */
		B85DD3442CF0557F0005AD71 /* Build configuration list for PBXProject "TranslateIt-iOS" */ = {
			isa = XCConfigurationList;
			buildConfigurations = (
				B85DD36B2CF055800005AD71 /* Debug */,
				B85DD36C2CF055800005AD71 /* Release */,
			);
			defaultConfigurationIsVisible = 0;
			defaultConfigurationName = Release;
		};
		B85DD36D2CF055800005AD71 /* Build configuration list for PBXNativeTarget "TranslateIt-iOS" */ = {
			isa = XCConfigurationList;
			buildConfigurations = (
				B85DD36E2CF055800005AD71 /* Debug */,
				B85DD36F2CF055800005AD71 /* Release */,
			);
			defaultConfigurationIsVisible = 0;
			defaultConfigurationName = Release;
		};
		B85DD3702CF055800005AD71 /* Build configuration list for PBXNativeTarget "TranslateIt-iOSTests" */ = {
			isa = XCConfigurationList;
			buildConfigurations = (
				B85DD3712CF055800005AD71 /* Debug */,
				B85DD3722CF055800005AD71 /* Release */,
			);
			defaultConfigurationIsVisible = 0;
			defaultConfigurationName = Release;
		};
		B85DD3732CF055800005AD71 /* Build configuration list for PBXNativeTarget "TranslateIt-iOSUITests" */ = {
			isa = XCConfigurationList;
			buildConfigurations = (
				B85DD3742CF055800005AD71 /* Debug */,
				B85DD3752CF055800005AD71 /* Release */,
			);
			defaultConfigurationIsVisible = 0;
			defaultConfigurationName = Release;
		};
/* End XCConfigurationList section */
	};
	rootObject = B85DD3412CF0557F0005AD71 /* Project object */;
}
